// !$*UTF8*$!
{
	archiveVersion = 1;
	classes = {
	};
	objectVersion = 46;
	objects = {

/* Begin PBXBuildFile section */
		5126CC9A1DC513EC0028D2E7 /* CVPixelFormatInfo.swift in Sources */ = {isa = PBXBuildFile; fileRef = 5126CC991DC513EC0028D2E7 /* CVPixelFormatInfo.swift */; };
		5126CC9D1DC5A3170028D2E7 /* ViewController.swift in Sources */ = {isa = PBXBuildFile; fileRef = 516C561B1D93325200DCA09B /* ViewController.swift */; };
		512F31651DC1B15900F445B3 /* EEPixelBufferViewer.swift in Sources */ = {isa = PBXBuildFile; fileRef = 512F31641DC1B15900F445B3 /* EEPixelBufferViewer.swift */; };
		512F31671DC30EC000F445B3 /* EECVImageBufferViewer.swift in Sources */ = {isa = PBXBuildFile; fileRef = 512F31661DC30EC000F445B3 /* EECVImageBufferViewer.swift */; };
		51383E7C228A5C9900687FF2 /* CoreVideo.framework in Frameworks */ = {isa = PBXBuildFile; fileRef = 51383E7B228A5C9900687FF2 /* CoreVideo.framework */; };
		516C561A1D93325200DCA09B /* AppDelegate.swift in Sources */ = {isa = PBXBuildFile; fileRef = 516C56191D93325200DCA09B /* AppDelegate.swift */; };
		516C561F1D93325200DCA09B /* Main.storyboard in Resources */ = {isa = PBXBuildFile; fileRef = 516C561D1D93325200DCA09B /* Main.storyboard */; };
		516C56211D93325200DCA09B /* Assets.xcassets in Resources */ = {isa = PBXBuildFile; fileRef = 516C56201D93325200DCA09B /* Assets.xcassets */; };
		516C562E1D9332B400DCA09B /* Metal.framework in Frameworks */ = {isa = PBXBuildFile; fileRef = 516C562C1D9332B400DCA09B /* Metal.framework */; };
		516C562F1D9332B400DCA09B /* MetalKit.framework in Frameworks */ = {isa = PBXBuildFile; fileRef = 516C562D1D9332B400DCA09B /* MetalKit.framework */; };
		516C56331D9346D500DCA09B /* EETextureViewer.swift in Sources */ = {isa = PBXBuildFile; fileRef = 516C56321D9346D500DCA09B /* EETextureViewer.swift */; };
		516C56351D9360E700DCA09B /* EETextureViewer.metal in Sources */ = {isa = PBXBuildFile; fileRef = 516C56341D9360E700DCA09B /* EETextureViewer.metal */; };
		51910B751DA0E7C200AECC50 /* ContentModes.plist in Resources */ = {isa = PBXBuildFile; fileRef = 51910B741DA0E7C200AECC50 /* ContentModes.plist */; };
		51AA2B2D1DA1772200C16A32 /* PixelFormats.plist in Resources */ = {isa = PBXBuildFile; fileRef = 51AA2B2C1DA1772200C16A32 /* PixelFormats.plist */; };
		51AA2B2F1DA2242E00C16A32 /* CameraSource.swift in Sources */ = {isa = PBXBuildFile; fileRef = 51AA2B2E1DA2242E00C16A32 /* CameraSource.swift */; };
		51D7653C1DA6F74500BAC303 /* StillImageSource.swift in Sources */ = {isa = PBXBuildFile; fileRef = 51D7653B1DA6F74500BAC303 /* StillImageSource.swift */; };
		51FA79961D964F5100DC447C /* iPhone5.png in Resources */ = {isa = PBXBuildFile; fileRef = 51FA79921D964F5100DC447C /* iPhone5.png */; };
		51FA79971D964F5100DC447C /* iPad Screen.png in Resources */ = {isa = PBXBuildFile; fileRef = 51FA79931D964F5100DC447C /* iPad Screen.png */; };
		51FA79981D964F5100DC447C /* iPhones.png in Resources */ = {isa = PBXBuildFile; fileRef = 51FA79941D964F5100DC447C /* iPhones.png */; };
		51FA79991D964F5100DC447C /* yuv.png in Resources */ = {isa = PBXBuildFile; fileRef = 51FA79951D964F5100DC447C /* yuv.png */; };
/* End PBXBuildFile section */

/* Begin PBXFileReference section */
		5126CC991DC513EC0028D2E7 /* CVPixelFormatInfo.swift */ = {isa = PBXFileReference; fileEncoding = 4; lastKnownFileType = sourcecode.swift; name = CVPixelFormatInfo.swift; path = "../Sample App/CVPixelFormatInfo.swift"; sourceTree = "<group>"; };
		512F31641DC1B15900F445B3 /* EEPixelBufferViewer.swift */ = {isa = PBXFileReference; fileEncoding = 4; lastKnownFileType = sourcecode.swift; name = EEPixelBufferViewer.swift; path = ../EEMetalTextureViewer/EEPixelBufferViewer.swift; sourceTree = "<group>"; };
		512F31661DC30EC000F445B3 /* EECVImageBufferViewer.swift */ = {isa = PBXFileReference; fileEncoding = 4; lastKnownFileType = sourcecode.swift; name = EECVImageBufferViewer.swift; path = ../EEMetalTextureViewer/EECVImageBufferViewer.swift; sourceTree = "<group>"; };
		51383E7B228A5C9900687FF2 /* CoreVideo.framework */ = {isa = PBXFileReference; lastKnownFileType = wrapper.framework; name = CoreVideo.framework; path = System/Library/Frameworks/CoreVideo.framework; sourceTree = SDKROOT; };
		51383E7D228A91DC00687FF2 /* README.md */ = {isa = PBXFileReference; lastKnownFileType = net.daringfireball.markdown; path = README.md; sourceTree = "<group>"; };
		516C56161D93325200DCA09B /* EEMetalPixelViewer.app */ = {isa = PBXFileReference; explicitFileType = wrapper.application; includeInIndex = 0; path = EEMetalPixelViewer.app; sourceTree = BUILT_PRODUCTS_DIR; };
		516C56191D93325200DCA09B /* AppDelegate.swift */ = {isa = PBXFileReference; lastKnownFileType = sourcecode.swift; name = AppDelegate.swift; path = "../Sample App/AppDelegate.swift"; sourceTree = "<group>"; };
		516C561B1D93325200DCA09B /* ViewController.swift */ = {isa = PBXFileReference; lastKnownFileType = sourcecode.swift; name = ViewController.swift; path = "../Sample App/ViewController.swift"; sourceTree = "<group>"; };
		516C561E1D93325200DCA09B /* Base */ = {isa = PBXFileReference; lastKnownFileType = file.storyboard; name = Base; path = Base.lproj/Main.storyboard; sourceTree = "<group>"; };
		516C56201D93325200DCA09B /* Assets.xcassets */ = {isa = PBXFileReference; lastKnownFileType = folder.assetcatalog; path = Assets.xcassets; sourceTree = "<group>"; };
		516C56251D93325200DCA09B /* Info.plist */ = {isa = PBXFileReference; lastKnownFileType = text.plist.xml; path = Info.plist; sourceTree = "<group>"; };
		516C562C1D9332B400DCA09B /* Metal.framework */ = {isa = PBXFileReference; lastKnownFileType = wrapper.framework; name = Metal.framework; path = System/Library/Frameworks/Metal.framework; sourceTree = SDKROOT; };
		516C562D1D9332B400DCA09B /* MetalKit.framework */ = {isa = PBXFileReference; lastKnownFileType = wrapper.framework; name = MetalKit.framework; path = System/Library/Frameworks/MetalKit.framework; sourceTree = SDKROOT; };
		516C56321D9346D500DCA09B /* EETextureViewer.swift */ = {isa = PBXFileReference; fileEncoding = 4; lastKnownFileType = sourcecode.swift; name = EETextureViewer.swift; path = ../EEMetalTextureViewer/EETextureViewer.swift; sourceTree = "<group>"; };
		516C56341D9360E700DCA09B /* EETextureViewer.metal */ = {isa = PBXFileReference; fileEncoding = 4; lastKnownFileType = sourcecode.metal; name = EETextureViewer.metal; path = ../EEMetalTextureViewer/EETextureViewer.metal; sourceTree = "<group>"; };
		51910B741DA0E7C200AECC50 /* ContentModes.plist */ = {isa = PBXFileReference; fileEncoding = 4; lastKnownFileType = text.plist.xml; name = ContentModes.plist; path = "../Sample App/ContentModes.plist"; sourceTree = "<group>"; };
		51AA2B2C1DA1772200C16A32 /* PixelFormats.plist */ = {isa = PBXFileReference; explicitFileType = text; fileEncoding = 4; name = PixelFormats.plist; path = "../Sample App/PixelFormats.plist"; sourceTree = "<group>"; };
		51AA2B2E1DA2242E00C16A32 /* CameraSource.swift */ = {isa = PBXFileReference; fileEncoding = 4; lastKnownFileType = sourcecode.swift; name = CameraSource.swift; path = "../Sample App/CameraSource.swift"; sourceTree = "<group>"; };
		51D7653B1DA6F74500BAC303 /* StillImageSource.swift */ = {isa = PBXFileReference; fileEncoding = 4; lastKnownFileType = sourcecode.swift; name = StillImageSource.swift; path = "../Sample App/StillImageSource.swift"; sourceTree = "<group>"; };
		51FA79921D964F5100DC447C /* iPhone5.png */ = {isa = PBXFileReference; lastKnownFileType = image.png; name = iPhone5.png; path = "../Sample App/iPhone5.png"; sourceTree = "<group>"; };
		51FA79931D964F5100DC447C /* iPad Screen.png */ = {isa = PBXFileReference; lastKnownFileType = image.png; name = "iPad Screen.png"; path = "../Sample App/iPad Screen.png"; sourceTree = "<group>"; };
		51FA79941D964F5100DC447C /* iPhones.png */ = {isa = PBXFileReference; lastKnownFileType = image.png; name = iPhones.png; path = "../Sample App/iPhones.png"; sourceTree = "<group>"; };
		51FA79951D964F5100DC447C /* yuv.png */ = {isa = PBXFileReference; lastKnownFileType = image.png; name = yuv.png; path = "../Sample App/yuv.png"; sourceTree = "<group>"; };
/* End PBXFileReference section */

/* Begin PBXFrameworksBuildPhase section */
		516C56131D93325200DCA09B /* Frameworks */ = {
			isa = PBXFrameworksBuildPhase;
			buildActionMask = 2147483647;
			files = (
				51383E7C228A5C9900687FF2 /* CoreVideo.framework in Frameworks */,
				516C562E1D9332B400DCA09B /* Metal.framework in Frameworks */,
				516C562F1D9332B400DCA09B /* MetalKit.framework in Frameworks */,
			);
			runOnlyForDeploymentPostprocessing = 0;
		};
/* End PBXFrameworksBuildPhase section */

/* Begin PBXGroup section */
		51517E45228A01E6003C4476 /* Sample App */ = {
			isa = PBXGroup;
			children = (
				516C561B1D93325200DCA09B /* ViewController.swift */,
				516C56191D93325200DCA09B /* AppDelegate.swift */,
				51D7653B1DA6F74500BAC303 /* StillImageSource.swift */,
				5126CC991DC513EC0028D2E7 /* CVPixelFormatInfo.swift */,
				51AA2B2E1DA2242E00C16A32 /* CameraSource.swift */,
				51910B741DA0E7C200AECC50 /* ContentModes.plist */,
				51AA2B2C1DA1772200C16A32 /* PixelFormats.plist */,
			);
			name = "Sample App";
			path = eldade_metal_tests;
			sourceTree = "<group>";
		};
		51517E46228A0203003C4476 /* Engine */ = {
			isa = PBXGroup;
			children = (
				516C56321D9346D500DCA09B /* EETextureViewer.swift */,
				516C56341D9360E700DCA09B /* EETextureViewer.metal */,
				512F31641DC1B15900F445B3 /* EEPixelBufferViewer.swift */,
				512F31661DC30EC000F445B3 /* EECVImageBufferViewer.swift */,
			);
			name = Engine;
			path = eldade_metal_tests;
			sourceTree = "<group>";
		};
		516C560D1D93325200DCA09B = {
			isa = PBXGroup;
			children = (
				51383E7D228A91DC00687FF2 /* README.md */,
				51517E45228A01E6003C4476 /* Sample App */,
				51D7653D1DA6F7BE00BAC303 /* Sample Images */,
				51517E46228A0203003C4476 /* Engine */,
				516C561D1D93325200DCA09B /* Main.storyboard */,
				516C56201D93325200DCA09B /* Assets.xcassets */,
				516C56251D93325200DCA09B /* Info.plist */,
				516C56171D93325200DCA09B /* Products */,
				516C562B1D9332B400DCA09B /* Frameworks */,
			);
			sourceTree = "<group>";
		};
		516C56171D93325200DCA09B /* Products */ = {
			isa = PBXGroup;
			children = (
				516C56161D93325200DCA09B /* EEMetalPixelViewer.app */,
			);
			name = Products;
			sourceTree = "<group>";
		};
		516C562B1D9332B400DCA09B /* Frameworks */ = {
			isa = PBXGroup;
			children = (
				51383E7B228A5C9900687FF2 /* CoreVideo.framework */,
				516C562C1D9332B400DCA09B /* Metal.framework */,
				516C562D1D9332B400DCA09B /* MetalKit.framework */,
			);
			name = Frameworks;
			sourceTree = "<group>";
		};
		51D7653D1DA6F7BE00BAC303 /* Sample Images */ = {
			isa = PBXGroup;
			children = (
				51FA79921D964F5100DC447C /* iPhone5.png */,
				51FA79931D964F5100DC447C /* iPad Screen.png */,
				51FA79941D964F5100DC447C /* iPhones.png */,
				51FA79951D964F5100DC447C /* yuv.png */,
			);
			name = "Sample Images";
			path = eldade_metal_tests;
			sourceTree = "<group>";
		};
/* End PBXGroup section */

/* Begin PBXNativeTarget section */
		516C56151D93325200DCA09B /* EEMetalPixelViewer */ = {
			isa = PBXNativeTarget;
			buildConfigurationList = 516C56281D93325200DCA09B /* Build configuration list for PBXNativeTarget "EEMetalPixelViewer" */;
			buildPhases = (
				516C56121D93325200DCA09B /* Sources */,
				516C56131D93325200DCA09B /* Frameworks */,
				516C56141D93325200DCA09B /* Resources */,
			);
			buildRules = (
			);
			dependencies = (
			);
			name = EEMetalPixelViewer;
			productName = eldade_metal_tests;
			productReference = 516C56161D93325200DCA09B /* EEMetalPixelViewer.app */;
			productType = "com.apple.product-type.application";
		};
/* End PBXNativeTarget section */

/* Begin PBXProject section */
		516C560E1D93325200DCA09B /* Project object */ = {
			isa = PBXProject;
			attributes = {
				LastSwiftUpdateCheck = 1000;
				LastUpgradeCheck = 0800;
				ORGANIZATIONNAME = "Eldad Eilam";
				TargetAttributes = {
					516C56151D93325200DCA09B = {
						CreatedOnToolsVersion = 8.0;
						DevelopmentTeam = XPSUQMMH5W;
						LastSwiftMigration = 1010;
						ProvisioningStyle = Automatic;
					};
				};
			};
			buildConfigurationList = 516C56111D93325200DCA09B /* Build configuration list for PBXProject "EEMetalPixelViewer" */;
			compatibilityVersion = "Xcode 3.2";
			developmentRegion = English;
			hasScannedForEncodings = 0;
			knownRegions = (
				en,
				Base,
			);
			mainGroup = 516C560D1D93325200DCA09B;
			productRefGroup = 516C56171D93325200DCA09B /* Products */;
			projectDirPath = "";
			projectRoot = "";
			targets = (
				516C56151D93325200DCA09B /* EEMetalPixelViewer */,
			);
		};
/* End PBXProject section */

/* Begin PBXResourcesBuildPhase section */
		516C56141D93325200DCA09B /* Resources */ = {
			isa = PBXResourcesBuildPhase;
			buildActionMask = 2147483647;
			files = (
				51AA2B2D1DA1772200C16A32 /* PixelFormats.plist in Resources */,
				516C56211D93325200DCA09B /* Assets.xcassets in Resources */,
				51910B751DA0E7C200AECC50 /* ContentModes.plist in Resources */,
				516C561F1D93325200DCA09B /* Main.storyboard in Resources */,
				51FA79981D964F5100DC447C /* iPhones.png in Resources */,
				51FA79971D964F5100DC447C /* iPad Screen.png in Resources */,
				51FA79991D964F5100DC447C /* yuv.png in Resources */,
				51FA79961D964F5100DC447C /* iPhone5.png in Resources */,
			);
			runOnlyForDeploymentPostprocessing = 0;
		};
/* End PBXResourcesBuildPhase section */

/* Begin PBXSourcesBuildPhase section */
		516C56121D93325200DCA09B /* Sources */ = {
			isa = PBXSourcesBuildPhase;
			buildActionMask = 2147483647;
			files = (
				5126CC9D1DC5A3170028D2E7 /* ViewController.swift in Sources */,
				516C56331D9346D500DCA09B /* EETextureViewer.swift in Sources */,
				516C56351D9360E700DCA09B /* EETextureViewer.metal in Sources */,
				516C561A1D93325200DCA09B /* AppDelegate.swift in Sources */,
				512F31651DC1B15900F445B3 /* EEPixelBufferViewer.swift in Sources */,
				512F31671DC30EC000F445B3 /* EECVImageBufferViewer.swift in Sources */,
				5126CC9A1DC513EC0028D2E7 /* CVPixelFormatInfo.swift in Sources */,
				51AA2B2F1DA2242E00C16A32 /* CameraSource.swift in Sources */,
				51D7653C1DA6F74500BAC303 /* StillImageSource.swift in Sources */,
			);
			runOnlyForDeploymentPostprocessing = 0;
		};
/* End PBXSourcesBuildPhase section */

/* Begin PBXVariantGroup section */
		516C561D1D93325200DCA09B /* Main.storyboard */ = {
			isa = PBXVariantGroup;
			children = (
				516C561E1D93325200DCA09B /* Base */,
			);
			name = Main.storyboard;
			sourceTree = "<group>";
		};
/* End PBXVariantGroup section */

/* Begin XCBuildConfiguration section */
		516C56261D93325200DCA09B /* Debug */ = {
			isa = XCBuildConfiguration;
			buildSettings = {
				ALWAYS_SEARCH_USER_PATHS = NO;
				CLANG_ANALYZER_NONNULL = YES;
				CLANG_CXX_LANGUAGE_STANDARD = "gnu++0x";
				CLANG_CXX_LIBRARY = "libc++";
				CLANG_ENABLE_MODULES = YES;
				CLANG_ENABLE_OBJC_ARC = YES;
				CLANG_WARN_BOOL_CONVERSION = YES;
				CLANG_WARN_CONSTANT_CONVERSION = YES;
				CLANG_WARN_DIRECT_OBJC_ISA_USAGE = YES_ERROR;
				CLANG_WARN_DOCUMENTATION_COMMENTS = YES;
				CLANG_WARN_EMPTY_BODY = YES;
				CLANG_WARN_ENUM_CONVERSION = YES;
				CLANG_WARN_INFINITE_RECURSION = YES;
				CLANG_WARN_INT_CONVERSION = YES;
				CLANG_WARN_OBJC_ROOT_CLASS = YES_ERROR;
				CLANG_WARN_SUSPICIOUS_MOVES = YES;
				CLANG_WARN_UNREACHABLE_CODE = YES;
				CLANG_WARN__DUPLICATE_METHOD_MATCH = YES;
				"CODE_SIGN_IDENTITY[sdk=iphoneos*]" = "iPhone Developer";
				COPY_PHASE_STRIP = NO;
				DEBUG_INFORMATION_FORMAT = dwarf;
				ENABLE_STRICT_OBJC_MSGSEND = YES;
				ENABLE_TESTABILITY = YES;
				GCC_C_LANGUAGE_STANDARD = gnu99;
				GCC_DYNAMIC_NO_PIC = NO;
				GCC_NO_COMMON_BLOCKS = YES;
				GCC_OPTIMIZATION_LEVEL = 0;
				GCC_PREPROCESSOR_DEFINITIONS = (
					"DEBUG=1",
					"$(inherited)",
				);
				GCC_WARN_64_TO_32_BIT_CONVERSION = YES;
				GCC_WARN_ABOUT_RETURN_TYPE = YES_ERROR;
				GCC_WARN_UNDECLARED_SELECTOR = YES;
				GCC_WARN_UNINITIALIZED_AUTOS = YES_AGGRESSIVE;
				GCC_WARN_UNUSED_FUNCTION = YES;
				GCC_WARN_UNUSED_VARIABLE = YES;
				IPHONEOS_DEPLOYMENT_TARGET = 10.0;
				MTL_ENABLE_DEBUG_INFO = YES;
				ONLY_ACTIVE_ARCH = YES;
				SDKROOT = iphoneos;
				SWIFT_ACTIVE_COMPILATION_CONDITIONS = DEBUG;
				SWIFT_OPTIMIZATION_LEVEL = "-Onone";
				TARGETED_DEVICE_FAMILY = "1,2";
			};
			name = Debug;
		};
		516C56271D93325200DCA09B /* Release */ = {
			isa = XCBuildConfiguration;
			buildSettings = {
				ALWAYS_SEARCH_USER_PATHS = NO;
				CLANG_ANALYZER_NONNULL = YES;
				CLANG_CXX_LANGUAGE_STANDARD = "gnu++0x";
				CLANG_CXX_LIBRARY = "libc++";
				CLANG_ENABLE_MODULES = YES;
				CLANG_ENABLE_OBJC_ARC = YES;
				CLANG_WARN_BOOL_CONVERSION = YES;
				CLANG_WARN_CONSTANT_CONVERSION = YES;
				CLANG_WARN_DIRECT_OBJC_ISA_USAGE = YES_ERROR;
				CLANG_WARN_DOCUMENTATION_COMMENTS = YES;
				CLANG_WARN_EMPTY_BODY = YES;
				CLANG_WARN_ENUM_CONVERSION = YES;
				CLANG_WARN_INFINITE_RECURSION = YES;
				CLANG_WARN_INT_CONVERSION = YES;
				CLANG_WARN_OBJC_ROOT_CLASS = YES_ERROR;
				CLANG_WARN_SUSPICIOUS_MOVES = YES;
				CLANG_WARN_UNREACHABLE_CODE = YES;
				CLANG_WARN__DUPLICATE_METHOD_MATCH = YES;
				"CODE_SIGN_IDENTITY[sdk=iphoneos*]" = "iPhone Developer";
				COPY_PHASE_STRIP = NO;
				DEBUG_INFORMATION_FORMAT = "dwarf-with-dsym";
				ENABLE_NS_ASSERTIONS = NO;
				ENABLE_STRICT_OBJC_MSGSEND = YES;
				GCC_C_LANGUAGE_STANDARD = gnu99;
				GCC_NO_COMMON_BLOCKS = YES;
				GCC_WARN_64_TO_32_BIT_CONVERSION = YES;
				GCC_WARN_ABOUT_RETURN_TYPE = YES_ERROR;
				GCC_WARN_UNDECLARED_SELECTOR = YES;
				GCC_WARN_UNINITIALIZED_AUTOS = YES_AGGRESSIVE;
				GCC_WARN_UNUSED_FUNCTION = YES;
				GCC_WARN_UNUSED_VARIABLE = YES;
				IPHONEOS_DEPLOYMENT_TARGET = 10.0;
				MTL_ENABLE_DEBUG_INFO = NO;
				SDKROOT = iphoneos;
				SWIFT_OPTIMIZATION_LEVEL = "-Owholemodule";
				TARGETED_DEVICE_FAMILY = "1,2";
				VALIDATE_PRODUCT = YES;
			};
			name = Release;
		};
		516C56291D93325200DCA09B /* Debug */ = {
			isa = XCBuildConfiguration;
			buildSettings = {
				ASSETCATALOG_COMPILER_APPICON_NAME = AppIcon;
				DEVELOPMENT_TEAM = XPSUQMMH5W;
				INFOPLIST_FILE = "$(SRCROOT)/Info.plist";
				IPHONEOS_DEPLOYMENT_TARGET = 10.0;
				LD_RUNPATH_SEARCH_PATHS = "$(inherited) @executable_path/Frameworks";
				PRODUCT_BUNDLE_IDENTIFIER = "com.apple.eldade-metal-tests";
				PRODUCT_NAME = "$(TARGET_NAME)";
				SWIFT_SWIFT3_OBJC_INFERENCE = On;
				SWIFT_VERSION = 4.2;
			};
			name = Debug;
		};
		516C562A1D93325200DCA09B /* Release */ = {
			isa = XCBuildConfiguration;
			buildSettings = {
				ASSETCATALOG_COMPILER_APPICON_NAME = AppIcon;
				DEVELOPMENT_TEAM = XPSUQMMH5W;
				INFOPLIST_FILE = "$(SRCROOT)/Info.plist";
				IPHONEOS_DEPLOYMENT_TARGET = 10.0;
				LD_RUNPATH_SEARCH_PATHS = "$(inherited) @executable_path/Frameworks";
				PRODUCT_BUNDLE_IDENTIFIER = "com.apple.eldade-metal-tests";
				PRODUCT_NAME = "$(TARGET_NAME)";
				SWIFT_SWIFT3_OBJC_INFERENCE = On;
				SWIFT_VERSION = 4.2;
			};
			name = Release;
		};
/* End XCBuildConfiguration section */

/* Begin XCConfigurationList section */
		516C56111D93325200DCA09B /* Build configuration list for PBXProject "EEMetalPixelViewer" */ = {
			isa = XCConfigurationList;
			buildConfigurations = (
				516C56261D93325200DCA09B /* Debug */,
				516C56271D93325200DCA09B /* Release */,
			);
			defaultConfigurationIsVisible = 0;
			defaultConfigurationName = Release;
		};
		516C56281D93325200DCA09B /* Build configuration list for PBXNativeTarget "EEMetalPixelViewer" */ = {
			isa = XCConfigurationList;
			buildConfigurations = (
				516C56291D93325200DCA09B /* Debug */,
				516C562A1D93325200DCA09B /* Release */,
			);
			defaultConfigurationIsVisible = 0;
			defaultConfigurationName = Release;
		};
/* End XCConfigurationList section */
	};
	rootObject = 516C560E1D93325200DCA09B /* Project object */;
}
